
Microsoft Visual Studio Solution File, Format Version 12.00
# Visual Studio 14
VisualStudioVersion = 14.0.25420.1
MinimumVisualStudioVersion = 10.0.40219.1
Project("{8BC9CEB8-8B4A-11D0-8D11-00A0C91BC942}") = "MyCustomProfiler", "MyCustomProfiler\Win32Project1.vcxproj", "{53455C50-B291-42AA-BC99-1BCCB835F89A}"
EndProject
Project("{FAE04EC0-301F-11D3-BF4B-00C04F79EFBC}") = "EXE_TO_PROFILE", "EXE_TO_PROFILE\EXE_TO_PROFILE.csproj", "{0FC7E0D3-5FD7-4C95-A288-CDD585455C84}"
EndProject
Project("{FAE04EC0-301F-11D3-BF4B-00C04F79EFBC}") = "Example1_LoggingMethodEntry", "CallStackLogger\Example1_LoggingMethodEntry.csproj", "{AB6A7290-358E-4ED9-B786-BEB6FBB9F01A}"
EndProject
Project("{FAE04EC0-301F-11D3-BF4B-00C04F79EFBC}") = "ProfilerLauncher", "ProfilerLauncher\ProfilerLauncher.csproj", "{2BCDFAEE-F13D-49CD-AC0E-8359166D90F3}"
EndProject
Global
	GlobalSection(SolutionConfigurationPlatforms) = preSolution
		Debug|Any CPU = Debug|Any CPU
		Debug|x64 = Debug|x64
		Debug|x86 = Debug|x86
		Release|Any CPU = Release|Any CPU
		Release|x64 = Release|x64
		Release|x86 = Release|x86
	EndGlobalSection
	GlobalSection(ProjectConfigurationPlatforms) = postSolution
		{53455C50-B291-42AA-BC99-1BCCB835F89A}.Debug|Any CPU.ActiveCfg = Debug|Win32
		{53455C50-B291-42AA-BC99-1BCCB835F89A}.Debug|x64.ActiveCfg = Debug|x64
		{53455C50-B291-42AA-BC99-1BCCB835F89A}.Debug|x64.Build.0 = Debug|x64
		{53455C50-B291-42AA-BC99-1BCCB835F89A}.Debug|x86.ActiveCfg = Debug|Win32
		{53455C50-B291-42AA-BC99-1BCCB835F89A}.Debug|x86.Build.0 = Debug|Win32
		{53455C50-B291-42AA-BC99-1BCCB835F89A}.Release|Any CPU.ActiveCfg = Release|Win32
		{53455C50-B291-42AA-BC99-1BCCB835F89A}.Release|x64.ActiveCfg = Release|x64
		{53455C50-B291-42AA-BC99-1BCCB835F89A}.Release|x64.Build.0 = Release|x64
		{53455C50-B291-42AA-BC99-1BCCB835F89A}.Release|x86.ActiveCfg = Release|Win32
		{53455C50-B291-42AA-BC99-1BCCB835F89A}.Release|x86.Build.0 = Release|Win32
		{0FC7E0D3-5FD7-4C95-A288-CDD585455C84}.Debug|Any CPU.ActiveCfg = Debug|Any CPU
		{0FC7E0D3-5FD7-4C95-A288-CDD585455C84}.Debug|Any CPU.Build.0 = Debug|Any CPU
		{0FC7E0D3-5FD7-4C95-A288-CDD585455C84}.Debug|x64.ActiveCfg = Debug|Any CPU
		{0FC7E0D3-5FD7-4C95-A288-CDD585455C84}.Debug|x64.Build.0 = Debug|Any CPU
		{0FC7E0D3-5FD7-4C95-A288-CDD585455C84}.Debug|x86.ActiveCfg = Debug|Any CPU
		{0FC7E0D3-5FD7-4C95-A288-CDD585455C84}.Debug|x86.Build.0 = Debug|Any CPU
		{0FC7E0D3-5FD7-4C95-A288-CDD585455C84}.Release|Any CPU.ActiveCfg = Release|Any CPU
		{0FC7E0D3-5FD7-4C95-A288-CDD585455C84}.Release|Any CPU.Build.0 = Release|Any CPU
		{0FC7E0D3-5FD7-4C95-A288-CDD585455C84}.Release|x64.ActiveCfg = Release|Any CPU
		{0FC7E0D3-5FD7-4C95-A288-CDD585455C84}.Release|x64.Build.0 = Release|Any CPU
		{0FC7E0D3-5FD7-4C95-A288-CDD585455C84}.Release|x86.ActiveCfg = Release|Any CPU
		{0FC7E0D3-5FD7-4C95-A288-CDD585455C84}.Release|x86.Build.0 = Release|Any CPU
		{AB6A7290-358E-4ED9-B786-BEB6FBB9F01A}.Debug|Any CPU.ActiveCfg = Debug|Any CPU
		{AB6A7290-358E-4ED9-B786-BEB6FBB9F01A}.Debug|Any CPU.Build.0 = Debug|Any CPU
		{AB6A7290-358E-4ED9-B786-BEB6FBB9F01A}.Debug|x64.ActiveCfg = Debug|Any CPU
		{AB6A7290-358E-4ED9-B786-BEB6FBB9F01A}.Debug|x64.Build.0 = Debug|Any CPU
		{AB6A7290-358E-4ED9-B786-BEB6FBB9F01A}.Debug|x86.ActiveCfg = Debug|Any CPU
		{AB6A7290-358E-4ED9-B786-BEB6FBB9F01A}.Debug|x86.Build.0 = Debug|Any CPU
		{AB6A7290-358E-4ED9-B786-BEB6FBB9F01A}.Release|Any CPU.ActiveCfg = Release|Any CPU
		{AB6A7290-358E-4ED9-B786-BEB6FBB9F01A}.Release|Any CPU.Build.0 = Release|Any CPU
		{AB6A7290-358E-4ED9-B786-BEB6FBB9F01A}.Release|x64.ActiveCfg = Release|Any CPU
		{AB6A7290-358E-4ED9-B786-BEB6FBB9F01A}.Release|x64.Build.0 = Release|Any CPU
		{AB6A7290-358E-4ED9-B786-BEB6FBB9F01A}.Release|x86.ActiveCfg = Release|Any CPU
		{AB6A7290-358E-4ED9-B786-BEB6FBB9F01A}.Release|x86.Build.0 = Release|Any CPU
		{2BCDFAEE-F13D-49CD-AC0E-8359166D90F3}.Debug|Any CPU.ActiveCfg = Debug|Any CPU
		{2BCDFAEE-F13D-49CD-AC0E-8359166D90F3}.Debug|Any CPU.Build.0 = Debug|Any CPU
		{2BCDFAEE-F13D-49CD-AC0E-8359166D90F3}.Debug|x64.ActiveCfg = Debug|Any CPU
		{2BCDFAEE-F13D-49CD-AC0E-8359166D90F3}.Debug|x64.Build.0 = Debug|Any CPU
		{2BCDFAEE-F13D-49CD-AC0E-8359166D90F3}.Debug|x86.ActiveCfg = Debug|Any CPU
		{2BCDFAEE-F13D-49CD-AC0E-8359166D90F3}.Debug|x86.Build.0 = Debug|Any CPU
		{2BCDFAEE-F13D-49CD-AC0E-8359166D90F3}.Release|Any CPU.ActiveCfg = Release|Any CPU
		{2BCDFAEE-F13D-49CD-AC0E-8359166D90F3}.Release|Any CPU.Build.0 = Release|Any CPU
		{2BCDFAEE-F13D-49CD-AC0E-8359166D90F3}.Release|x64.ActiveCfg = Release|Any CPU
		{2BCDFAEE-F13D-49CD-AC0E-8359166D90F3}.Release|x64.Build.0 = Release|Any CPU
		{2BCDFAEE-F13D-49CD-AC0E-8359166D90F3}.Release|x86.ActiveCfg = Release|Any CPU
		{2BCDFAEE-F13D-49CD-AC0E-8359166D90F3}.Release|x86.Build.0 = Release|Any CPU
	EndGlobalSection
	GlobalSection(SolutionProperties) = preSolution
		HideSolutionNode = FALSE
	EndGlobalSection
EndGlobal
